
Microsoft Visual Studio Solution File, Format Version 12.00
# Visual Studio Version 17
VisualStudioVersion = 17.11.35222.181
MinimumVisualStudioVersion = 10.0.40219.1
Project("{FAE04EC0-301F-11D3-BF4B-00C04F79EFBC}") = "Buoi5Kiemtra", "Buoi5Kiemtra\Buoi5Kiemtra.csproj", "{A48920E0-F2A2-4CBB-BF4B-74769FB863B7}"
EndProject
Global
	GlobalSection(SolutionConfigurationPlatforms) = preSolution
		Debug|Any CPU = Debug|Any CPU
		Release|Any CPU = Release|Any CPU
	EndGlobalSection
	GlobalSection(ProjectConfigurationPlatforms) = postSolution
		{A48920E0-F2A2-4CBB-BF4B-74769FB863B7}.Debug|Any CPU.ActiveCfg = Debug|Any CPU
		{A48920E0-F2A2-4CBB-BF4B-74769FB863B7}.Debug|Any CPU.Build.0 = Debug|Any CPU
		{A48920E0-F2A2-4CBB-BF4B-74769FB863B7}.Release|Any CPU.ActiveCfg = Release|Any CPU
		{A48920E0-F2A2-4CBB-BF4B-74769FB863B7}.Release|Any CPU.Build.0 = Release|Any CPU
	EndGlobalSection
	GlobalSection(SolutionProperties) = preSolution
		HideSolutionNode = FALSE
	EndGlobalSection
	GlobalSection(ExtensibilityGlobals) = postSolution
		SolutionGuid = {81148B22-9F9C-4AC1-97AF-1F3AA41667AD}
	EndGlobalSection
EndGlobal
